
Microsoft Visual Studio Solution File, Format Version 12.00
# Visual Studio Version 17
VisualStudioVersion = 17.13.35931.197
MinimumVisualStudioVersion = 10.0.40219.1
Project("{FAE04EC0-301F-11D3-BF4B-00C04F79EFBC}") = "Proiect", "Proiect.csproj", "{FBEFDE5E-2FEA-4AC2-B811-A3E68C777207}"
EndProject
Global
	GlobalSection(SolutionConfigurationPlatforms) = preSolution
		Debug|Any CPU = Debug|Any CPU
		Release|Any CPU = Release|Any CPU
	EndGlobalSection
	GlobalSection(ProjectConfigurationPlatforms) = postSolution
		{FBEFDE5E-2FEA-4AC2-B811-A3E68C777207}.Debug|Any CPU.ActiveCfg = Debug|Any CPU
		{FBEFDE5E-2FEA-4AC2-B811-A3E68C777207}.Debug|Any CPU.Build.0 = Debug|Any CPU
		{FBEFDE5E-2FEA-4AC2-B811-A3E68C777207}.Release|Any CPU.ActiveCfg = Release|Any CPU
		{FBEFDE5E-2FEA-4AC2-B811-A3E68C777207}.Release|Any CPU.Build.0 = Release|Any CPU
	EndGlobalSection
	GlobalSection(SolutionProperties) = preSolution
		HideSolutionNode = FALSE
	EndGlobalSection
	GlobalSection(ExtensibilityGlobals) = postSolution
		SolutionGuid = {4849091A-09CC-48EC-8ACB-A90977B48022}
	EndGlobalSection
EndGlobal
